
Microsoft Visual Studio Solution File, Format Version 12.00
# Visual Studio Version 17
VisualStudioVersion = 17.0.31903.59
MinimumVisualStudioVersion = 10.0.40219.1
Project("{FAE04EC0-301F-11D3-BF4B-00C04F79EFBC}") = "day01", "day01\day01.csproj", "{56F5A186-3784-4F5D-A449-31D9E3D6B524}"
EndProject
Project("{2150E333-8FDC-42A3-9474-1A3956D46DE8}") = "tests", "tests", "{F2656488-9555-4789-A912-089F50725E8D}"
EndProject
Project("{FAE04EC0-301F-11D3-BF4B-00C04F79EFBC}") = "day01tests", "tests\day01tests\day01tests.csproj", "{0F1C1F9C-FDF2-4025-B60E-485EAD0C3905}"
EndProject
Project("{FAE04EC0-301F-11D3-BF4B-00C04F79EFBC}") = "day02", "day02\day02.csproj", "{9C6F3056-CF21-4D1B-8B22-C3FA1F7ABEFB}"
EndProject
Project("{FAE04EC0-301F-11D3-BF4B-00C04F79EFBC}") = "day02tests", "tests\day02tests\day02tests.csproj", "{53D76378-35A0-42AE-8C64-47FA2957F9C1}"
EndProject
Project("{FAE04EC0-301F-11D3-BF4B-00C04F79EFBC}") = "day03", "day03\day03.csproj", "{8E5409C0-98EB-4952-9F35-75D98EEBF2B3}"
EndProject
Project("{FAE04EC0-301F-11D3-BF4B-00C04F79EFBC}") = "day03tests", "tests\day03tests\day03tests.csproj", "{054C50A4-27D6-4E16-8A7D-FBC9E0EFD417}"
EndProject
Global
	GlobalSection(SolutionConfigurationPlatforms) = preSolution
		Debug|Any CPU = Debug|Any CPU
		Release|Any CPU = Release|Any CPU
	EndGlobalSection
	GlobalSection(SolutionProperties) = preSolution
		HideSolutionNode = FALSE
	EndGlobalSection
	GlobalSection(ProjectConfigurationPlatforms) = postSolution
		{56F5A186-3784-4F5D-A449-31D9E3D6B524}.Debug|Any CPU.ActiveCfg = Debug|Any CPU
		{56F5A186-3784-4F5D-A449-31D9E3D6B524}.Debug|Any CPU.Build.0 = Debug|Any CPU
		{56F5A186-3784-4F5D-A449-31D9E3D6B524}.Release|Any CPU.ActiveCfg = Release|Any CPU
		{56F5A186-3784-4F5D-A449-31D9E3D6B524}.Release|Any CPU.Build.0 = Release|Any CPU
		{0F1C1F9C-FDF2-4025-B60E-485EAD0C3905}.Debug|Any CPU.ActiveCfg = Debug|Any CPU
		{0F1C1F9C-FDF2-4025-B60E-485EAD0C3905}.Debug|Any CPU.Build.0 = Debug|Any CPU
		{0F1C1F9C-FDF2-4025-B60E-485EAD0C3905}.Release|Any CPU.ActiveCfg = Release|Any CPU
		{0F1C1F9C-FDF2-4025-B60E-485EAD0C3905}.Release|Any CPU.Build.0 = Release|Any CPU
		{9C6F3056-CF21-4D1B-8B22-C3FA1F7ABEFB}.Debug|Any CPU.ActiveCfg = Debug|Any CPU
		{9C6F3056-CF21-4D1B-8B22-C3FA1F7ABEFB}.Debug|Any CPU.Build.0 = Debug|Any CPU
		{9C6F3056-CF21-4D1B-8B22-C3FA1F7ABEFB}.Release|Any CPU.ActiveCfg = Release|Any CPU
		{9C6F3056-CF21-4D1B-8B22-C3FA1F7ABEFB}.Release|Any CPU.Build.0 = Release|Any CPU
		{53D76378-35A0-42AE-8C64-47FA2957F9C1}.Debug|Any CPU.ActiveCfg = Debug|Any CPU
		{53D76378-35A0-42AE-8C64-47FA2957F9C1}.Debug|Any CPU.Build.0 = Debug|Any CPU
		{53D76378-35A0-42AE-8C64-47FA2957F9C1}.Release|Any CPU.ActiveCfg = Release|Any CPU
		{53D76378-35A0-42AE-8C64-47FA2957F9C1}.Release|Any CPU.Build.0 = Release|Any CPU
		{8E5409C0-98EB-4952-9F35-75D98EEBF2B3}.Debug|Any CPU.ActiveCfg = Debug|Any CPU
		{8E5409C0-98EB-4952-9F35-75D98EEBF2B3}.Debug|Any CPU.Build.0 = Debug|Any CPU
		{8E5409C0-98EB-4952-9F35-75D98EEBF2B3}.Release|Any CPU.ActiveCfg = Release|Any CPU
		{8E5409C0-98EB-4952-9F35-75D98EEBF2B3}.Release|Any CPU.Build.0 = Release|Any CPU
		{054C50A4-27D6-4E16-8A7D-FBC9E0EFD417}.Debug|Any CPU.ActiveCfg = Debug|Any CPU
		{054C50A4-27D6-4E16-8A7D-FBC9E0EFD417}.Debug|Any CPU.Build.0 = Debug|Any CPU
		{054C50A4-27D6-4E16-8A7D-FBC9E0EFD417}.Release|Any CPU.ActiveCfg = Release|Any CPU
		{054C50A4-27D6-4E16-8A7D-FBC9E0EFD417}.Release|Any CPU.Build.0 = Release|Any CPU
	EndGlobalSection
	GlobalSection(NestedProjects) = preSolution
		{0F1C1F9C-FDF2-4025-B60E-485EAD0C3905} = {F2656488-9555-4789-A912-089F50725E8D}
		{53D76378-35A0-42AE-8C64-47FA2957F9C1} = {F2656488-9555-4789-A912-089F50725E8D}
		{054C50A4-27D6-4E16-8A7D-FBC9E0EFD417} = {F2656488-9555-4789-A912-089F50725E8D}
	EndGlobalSection
EndGlobal
