
Microsoft Visual Studio Solution File, Format Version 12.00
# Visual Studio Version 17
VisualStudioVersion = 17.0.31903.59
MinimumVisualStudioVersion = 10.0.40219.1
Project("{FAE04EC0-301F-11D3-BF4B-00C04F79EFBC}") = "day01", "day01\day01.csproj", "{56F5A186-3784-4F5D-A449-31D9E3D6B524}"
EndProject
Project("{2150E333-8FDC-42A3-9474-1A3956D46DE8}") = "tests", "tests", "{F2656488-9555-4789-A912-089F50725E8D}"
EndProject
Project("{FAE04EC0-301F-11D3-BF4B-00C04F79EFBC}") = "day01tests", "tests\day01tests\day01tests.csproj", "{0F1C1F9C-FDF2-4025-B60E-485EAD0C3905}"
EndProject
Project("{FAE04EC0-301F-11D3-BF4B-00C04F79EFBC}") = "day02", "day02\day02.csproj", "{9C6F3056-CF21-4D1B-8B22-C3FA1F7ABEFB}"
EndProject
Project("{FAE04EC0-301F-11D3-BF4B-00C04F79EFBC}") = "day02tests", "tests\day02tests\day02tests.csproj", "{53D76378-35A0-42AE-8C64-47FA2957F9C1}"
EndProject
Project("{FAE04EC0-301F-11D3-BF4B-00C04F79EFBC}") = "day03", "day03\day03.csproj", "{8E5409C0-98EB-4952-9F35-75D98EEBF2B3}"
EndProject
Project("{FAE04EC0-301F-11D3-BF4B-00C04F79EFBC}") = "day03tests", "tests\day03tests\day03tests.csproj", "{054C50A4-27D6-4E16-8A7D-FBC9E0EFD417}"
EndProject
Project("{FAE04EC0-301F-11D3-BF4B-00C04F79EFBC}") = "day04", "day04\day04.csproj", "{F1872731-B386-43C2-B7CB-E88B92A68319}"
EndProject
Project("{FAE04EC0-301F-11D3-BF4B-00C04F79EFBC}") = "day04tests", "tests\day04tests\day04tests.csproj", "{208E3DC9-8C1F-46A2-BDE4-4F5ED30579BC}"
EndProject
Project("{FAE04EC0-301F-11D3-BF4B-00C04F79EFBC}") = "day05", "day05\day05.csproj", "{2E6BDCFD-0C62-408D-9693-7AE706491EEA}"
EndProject
Project("{FAE04EC0-301F-11D3-BF4B-00C04F79EFBC}") = "day05tests", "tests\day05tests\day05tests.csproj", "{EB545266-AEE8-487F-8486-D38991896305}"
EndProject
Project("{FAE04EC0-301F-11D3-BF4B-00C04F79EFBC}") = "day06", "day06\day06.csproj", "{67338324-CCB7-4524-9F18-DA8647F1E6A0}"
EndProject
Project("{FAE04EC0-301F-11D3-BF4B-00C04F79EFBC}") = "day06tests", "tests\day06tests\day06tests.csproj", "{B0C5D39E-CE8A-4B62-8F7C-49D8BEEE0188}"
EndProject
Global
	GlobalSection(SolutionConfigurationPlatforms) = preSolution
		Debug|Any CPU = Debug|Any CPU
		Release|Any CPU = Release|Any CPU
	EndGlobalSection
	GlobalSection(SolutionProperties) = preSolution
		HideSolutionNode = FALSE
	EndGlobalSection
	GlobalSection(ProjectConfigurationPlatforms) = postSolution
		{56F5A186-3784-4F5D-A449-31D9E3D6B524}.Debug|Any CPU.ActiveCfg = Debug|Any CPU
		{56F5A186-3784-4F5D-A449-31D9E3D6B524}.Debug|Any CPU.Build.0 = Debug|Any CPU
		{56F5A186-3784-4F5D-A449-31D9E3D6B524}.Release|Any CPU.ActiveCfg = Release|Any CPU
		{56F5A186-3784-4F5D-A449-31D9E3D6B524}.Release|Any CPU.Build.0 = Release|Any CPU
		{0F1C1F9C-FDF2-4025-B60E-485EAD0C3905}.Debug|Any CPU.ActiveCfg = Debug|Any CPU
		{0F1C1F9C-FDF2-4025-B60E-485EAD0C3905}.Debug|Any CPU.Build.0 = Debug|Any CPU
		{0F1C1F9C-FDF2-4025-B60E-485EAD0C3905}.Release|Any CPU.ActiveCfg = Release|Any CPU
		{0F1C1F9C-FDF2-4025-B60E-485EAD0C3905}.Release|Any CPU.Build.0 = Release|Any CPU
		{9C6F3056-CF21-4D1B-8B22-C3FA1F7ABEFB}.Debug|Any CPU.ActiveCfg = Debug|Any CPU
		{9C6F3056-CF21-4D1B-8B22-C3FA1F7ABEFB}.Debug|Any CPU.Build.0 = Debug|Any CPU
		{9C6F3056-CF21-4D1B-8B22-C3FA1F7ABEFB}.Release|Any CPU.ActiveCfg = Release|Any CPU
		{9C6F3056-CF21-4D1B-8B22-C3FA1F7ABEFB}.Release|Any CPU.Build.0 = Release|Any CPU
		{53D76378-35A0-42AE-8C64-47FA2957F9C1}.Debug|Any CPU.ActiveCfg = Debug|Any CPU
		{53D76378-35A0-42AE-8C64-47FA2957F9C1}.Debug|Any CPU.Build.0 = Debug|Any CPU
		{53D76378-35A0-42AE-8C64-47FA2957F9C1}.Release|Any CPU.ActiveCfg = Release|Any CPU
		{53D76378-35A0-42AE-8C64-47FA2957F9C1}.Release|Any CPU.Build.0 = Release|Any CPU
		{8E5409C0-98EB-4952-9F35-75D98EEBF2B3}.Debug|Any CPU.ActiveCfg = Debug|Any CPU
		{8E5409C0-98EB-4952-9F35-75D98EEBF2B3}.Debug|Any CPU.Build.0 = Debug|Any CPU
		{8E5409C0-98EB-4952-9F35-75D98EEBF2B3}.Release|Any CPU.ActiveCfg = Release|Any CPU
		{8E5409C0-98EB-4952-9F35-75D98EEBF2B3}.Release|Any CPU.Build.0 = Release|Any CPU
		{054C50A4-27D6-4E16-8A7D-FBC9E0EFD417}.Debug|Any CPU.ActiveCfg = Debug|Any CPU
		{054C50A4-27D6-4E16-8A7D-FBC9E0EFD417}.Debug|Any CPU.Build.0 = Debug|Any CPU
		{054C50A4-27D6-4E16-8A7D-FBC9E0EFD417}.Release|Any CPU.ActiveCfg = Release|Any CPU
		{054C50A4-27D6-4E16-8A7D-FBC9E0EFD417}.Release|Any CPU.Build.0 = Release|Any CPU
		{F1872731-B386-43C2-B7CB-E88B92A68319}.Debug|Any CPU.ActiveCfg = Debug|Any CPU
		{F1872731-B386-43C2-B7CB-E88B92A68319}.Debug|Any CPU.Build.0 = Debug|Any CPU
		{F1872731-B386-43C2-B7CB-E88B92A68319}.Release|Any CPU.ActiveCfg = Release|Any CPU
		{F1872731-B386-43C2-B7CB-E88B92A68319}.Release|Any CPU.Build.0 = Release|Any CPU
		{208E3DC9-8C1F-46A2-BDE4-4F5ED30579BC}.Debug|Any CPU.ActiveCfg = Debug|Any CPU
		{208E3DC9-8C1F-46A2-BDE4-4F5ED30579BC}.Debug|Any CPU.Build.0 = Debug|Any CPU
		{208E3DC9-8C1F-46A2-BDE4-4F5ED30579BC}.Release|Any CPU.ActiveCfg = Release|Any CPU
		{208E3DC9-8C1F-46A2-BDE4-4F5ED30579BC}.Release|Any CPU.Build.0 = Release|Any CPU
		{2E6BDCFD-0C62-408D-9693-7AE706491EEA}.Debug|Any CPU.ActiveCfg = Debug|Any CPU
		{2E6BDCFD-0C62-408D-9693-7AE706491EEA}.Debug|Any CPU.Build.0 = Debug|Any CPU
		{2E6BDCFD-0C62-408D-9693-7AE706491EEA}.Release|Any CPU.ActiveCfg = Release|Any CPU
		{2E6BDCFD-0C62-408D-9693-7AE706491EEA}.Release|Any CPU.Build.0 = Release|Any CPU
		{EB545266-AEE8-487F-8486-D38991896305}.Debug|Any CPU.ActiveCfg = Debug|Any CPU
		{EB545266-AEE8-487F-8486-D38991896305}.Debug|Any CPU.Build.0 = Debug|Any CPU
		{EB545266-AEE8-487F-8486-D38991896305}.Release|Any CPU.ActiveCfg = Release|Any CPU
		{EB545266-AEE8-487F-8486-D38991896305}.Release|Any CPU.Build.0 = Release|Any CPU
		{67338324-CCB7-4524-9F18-DA8647F1E6A0}.Debug|Any CPU.ActiveCfg = Debug|Any CPU
		{67338324-CCB7-4524-9F18-DA8647F1E6A0}.Debug|Any CPU.Build.0 = Debug|Any CPU
		{67338324-CCB7-4524-9F18-DA8647F1E6A0}.Release|Any CPU.ActiveCfg = Release|Any CPU
		{67338324-CCB7-4524-9F18-DA8647F1E6A0}.Release|Any CPU.Build.0 = Release|Any CPU
		{B0C5D39E-CE8A-4B62-8F7C-49D8BEEE0188}.Debug|Any CPU.ActiveCfg = Debug|Any CPU
		{B0C5D39E-CE8A-4B62-8F7C-49D8BEEE0188}.Debug|Any CPU.Build.0 = Debug|Any CPU
		{B0C5D39E-CE8A-4B62-8F7C-49D8BEEE0188}.Release|Any CPU.ActiveCfg = Release|Any CPU
		{B0C5D39E-CE8A-4B62-8F7C-49D8BEEE0188}.Release|Any CPU.Build.0 = Release|Any CPU
	EndGlobalSection
	GlobalSection(NestedProjects) = preSolution
		{0F1C1F9C-FDF2-4025-B60E-485EAD0C3905} = {F2656488-9555-4789-A912-089F50725E8D}
		{53D76378-35A0-42AE-8C64-47FA2957F9C1} = {F2656488-9555-4789-A912-089F50725E8D}
		{054C50A4-27D6-4E16-8A7D-FBC9E0EFD417} = {F2656488-9555-4789-A912-089F50725E8D}
		{208E3DC9-8C1F-46A2-BDE4-4F5ED30579BC} = {F2656488-9555-4789-A912-089F50725E8D}
		{EB545266-AEE8-487F-8486-D38991896305} = {F2656488-9555-4789-A912-089F50725E8D}
		{B0C5D39E-CE8A-4B62-8F7C-49D8BEEE0188} = {F2656488-9555-4789-A912-089F50725E8D}
	EndGlobalSection
EndGlobal
